
Microsoft Visual Studio Solution File, Format Version 12.00
# Visual Studio Version 16
VisualStudioVersion = 25.0.1705.7
MinimumVisualStudioVersion = 10.0.40219.1
Project("{FAE04EC0-301F-11D3-BF4B-00C04F79EFBC}") = "RichsSnackRack", "RichsSnackRack\RichsSnackRack.csproj", "{1F5FE057-1BDC-4466-BA45-E0066C929118}"
EndProject
Project("{E53339B2-1760-4266-BCC7-CA923CBCF16C}") = "docker-compose", "docker-compose.dcproj", "{EA899637-365B-42EB-AD3F-69F0A14B36DD}"
EndProject
Project("{FAE04EC0-301F-11D3-BF4B-00C04F79EFBC}") = "RichsSnackRack.IntegrationTests", "..\RichsSnackRack.IntegrationTests\RichsSnackRack.IntegrationTests.csproj", "{C1EA08E3-0AB7-48FA-ABF4-896536EFFE32}"
EndProject
Project("{FAE04EC0-301F-11D3-BF4B-00C04F79EFBC}") = "RichsSnackRack.UnitTests", "..\RichsSnackRack.UnitTests\RichsSnackRack.UnitTests.csproj", "{4122A76C-ED44-45FF-966B-C3AFAE48EBB1}"
EndProject
Project("{2150E333-8FDC-42A3-9474-1A3956D46DE8}") = "Solution Items", "Solution Items", "{D55CCC58-9A52-4C23-A336-D6CE235A6F2A}"
	ProjectSection(SolutionItems) = preProject
		..\README.md = ..\README.md
	EndProjectSection
EndProject
Global
	GlobalSection(SolutionConfigurationPlatforms) = preSolution
		Debug|Any CPU = Debug|Any CPU
		Release|Any CPU = Release|Any CPU
	EndGlobalSection
	GlobalSection(ProjectConfigurationPlatforms) = postSolution
		{1F5FE057-1BDC-4466-BA45-E0066C929118}.Debug|Any CPU.ActiveCfg = Debug|Any CPU
		{1F5FE057-1BDC-4466-BA45-E0066C929118}.Debug|Any CPU.Build.0 = Debug|Any CPU
		{1F5FE057-1BDC-4466-BA45-E0066C929118}.Release|Any CPU.ActiveCfg = Release|Any CPU
		{1F5FE057-1BDC-4466-BA45-E0066C929118}.Release|Any CPU.Build.0 = Release|Any CPU
		{EA899637-365B-42EB-AD3F-69F0A14B36DD}.Debug|Any CPU.ActiveCfg = Debug|Any CPU
		{EA899637-365B-42EB-AD3F-69F0A14B36DD}.Debug|Any CPU.Build.0 = Debug|Any CPU
		{EA899637-365B-42EB-AD3F-69F0A14B36DD}.Release|Any CPU.ActiveCfg = Release|Any CPU
		{EA899637-365B-42EB-AD3F-69F0A14B36DD}.Release|Any CPU.Build.0 = Release|Any CPU
		{C1EA08E3-0AB7-48FA-ABF4-896536EFFE32}.Debug|Any CPU.ActiveCfg = Debug|Any CPU
		{C1EA08E3-0AB7-48FA-ABF4-896536EFFE32}.Debug|Any CPU.Build.0 = Debug|Any CPU
		{C1EA08E3-0AB7-48FA-ABF4-896536EFFE32}.Release|Any CPU.ActiveCfg = Release|Any CPU
		{C1EA08E3-0AB7-48FA-ABF4-896536EFFE32}.Release|Any CPU.Build.0 = Release|Any CPU
		{4122A76C-ED44-45FF-966B-C3AFAE48EBB1}.Debug|Any CPU.ActiveCfg = Debug|Any CPU
		{4122A76C-ED44-45FF-966B-C3AFAE48EBB1}.Debug|Any CPU.Build.0 = Debug|Any CPU
		{4122A76C-ED44-45FF-966B-C3AFAE48EBB1}.Release|Any CPU.ActiveCfg = Release|Any CPU
		{4122A76C-ED44-45FF-966B-C3AFAE48EBB1}.Release|Any CPU.Build.0 = Release|Any CPU
	EndGlobalSection
	GlobalSection(SolutionProperties) = preSolution
		HideSolutionNode = FALSE
	EndGlobalSection
	GlobalSection(ExtensibilityGlobals) = postSolution
		SolutionGuid = {9AAF54E5-C83B-4818-90C8-B1EEE2AA58E4}
	EndGlobalSection
EndGlobal
